<Project xmlns="http://schemas.microsoft.com/developer/msbuild/2003">
    <PropertyGroup>
        <ProjectGuid>{CF7DDA56-9C6A-487E-97BF-B00010392CC1}</ProjectGuid>
        <ProjectVersion>18.6</ProjectVersion>
        <FrameworkType>VCL</FrameworkType>
        <MainSource>LemonMusic.dpr</MainSource>
        <Base>True</Base>
        <Config Condition="'$(Config)'==''">Debug</Config>
        <Platform Condition="'$(Platform)'==''">Win32</Platform>
        <TargetedPlatforms>1</TargetedPlatforms>
        <AppType>Application</AppType>
    </PropertyGroup>
    <PropertyGroup Condition="'$(Config)'=='Base' or '$(Base)'!=''">
        <Base>true</Base>
    </PropertyGroup>
    <PropertyGroup Condition="('$(Platform)'=='Win32' and '$(Base)'=='true') or '$(Base_Win32)'!=''">
        <Base_Win32>true</Base_Win32>
        <CfgParent>Base</CfgParent>
        <Base>true</Base>
    </PropertyGroup>
    <PropertyGroup Condition="'$(Config)'=='Debug' or '$(Cfg_1)'!=''">
        <Cfg_1>true</Cfg_1>
        <CfgParent>Base</CfgParent>
        <Base>true</Base>
    </PropertyGroup>
    <PropertyGroup Condition="('$(Platform)'=='Win32' and '$(Cfg_1)'=='true') or '$(Cfg_1_Win32)'!=''">
        <Cfg_1_Win32>true</Cfg_1_Win32>
        <CfgParent>Cfg_1</CfgParent>
        <Cfg_1>true</Cfg_1>
        <Base>true</Base>
    </PropertyGroup>
    <PropertyGroup Condition="'$(Config)'=='Release' or '$(Cfg_2)'!=''">
        <Cfg_2>true</Cfg_2>
        <CfgParent>Base</CfgParent>
        <Base>true</Base>
    </PropertyGroup>
    <PropertyGroup Condition="('$(Platform)'=='Win32' and '$(Cfg_2)'=='true') or '$(Cfg_2_Win32)'!=''">
        <Cfg_2_Win32>true</Cfg_2_Win32>
        <CfgParent>Cfg_2</CfgParent>
        <Cfg_2>true</Cfg_2>
        <Base>true</Base>
    </PropertyGroup>
    <PropertyGroup Condition="'$(Base)'!=''">
        <DCC_DcuOutput>.\$(Platform)\$(Config)</DCC_DcuOutput>
        <DCC_ExeOutput>.\$(Platform)\$(Config)</DCC_ExeOutput>
        <DCC_E>false</DCC_E>
        <DCC_N>false</DCC_N>
        <DCC_S>false</DCC_S>
        <DCC_F>false</DCC_F>
        <DCC_K>false</DCC_K>
        <DCC_Namespace>System;Xml;Data;Datasnap;Web;Soap;Vcl;Vcl.Imaging;Vcl.Touch;Vcl.Samples;Vcl.Shell;$(DCC_Namespace)</DCC_Namespace>
        <Icon_MainIcon>$(BDS)\bin\delphi_PROJECTICON.ico</Icon_MainIcon>
        <UWP_DelphiLogo44>$(BDS)\bin\Artwork\Windows\UWP\delphi_UwpDefault_44.png</UWP_DelphiLogo44>
        <UWP_DelphiLogo150>$(BDS)\bin\Artwork\Windows\UWP\delphi_UwpDefault_150.png</UWP_DelphiLogo150>
        <SanitizedProjectName>LemonMusic</SanitizedProjectName>
    </PropertyGroup>
    <PropertyGroup Condition="'$(Base_Win32)'!=''">
        <DCC_UsePackage>DBXSqliteDriver;dxFlowChartRS26;dxPSdxMapControlLnkRS26;DBXDb2Driver;StyleControls_dxe103Rio;vclactnband;dxBarRS26;vclFireDAC;dxFireDACEMFRS26;XLSRWII6_DDX103;tethering;dxSpreadSheetInplaceRichEditRS26;FireDACADSDriver;dxSkinVisualStudio2013BlueRS26;dxRichEditCoreRS26;dxPSdxSpreadSheetLnkRS26;dxSkinSharpPlusRS26;NxCollection6Dsgn_d10_2;FireDACMSSQLDriver;vcltouch;vcldb;Intraweb;svn;dxPSTeeChartRS26;dxSkinFoggyRS26;dxSkinVisualStudio2013DarkRS26;dxSkinOffice2013DarkGrayRS26;dxGDIPlusRS26;dxAuthorizationAgentsRS26;dxPSdxFCLnkRS26;tmsdXE102;vclib;NxDBGrid6Run_d10_2;NxCollection6Run_d10_2;vclZipForged25;dxPSLnksRS26;FireDACDBXDriver;cxGridRS26;dxPsPrVwAdvRS26;dxPDFViewerRS26;dxSkinSpringTimeRS26;vclx;dxPScxTLLnkRS26;dxSkinOffice2010BlueRS26;RESTBackendComponents;dxSkinOffice2016DarkRS26;VCLRESTComponents;dxSkinMoneyTwinsRS26;dxSkinOffice2016ColorfulRS26;dxSkinValentineRS26;EhLibDBXDataDrivers260;NxLayout6Run_d10_2;dxSkinHighContrastRS26;sed103Rio;vclie;bindengine;CloudService;dxmdsRS26;FireDACMySQLDriver;dxdborRS26;DataSnapClient;dxSkinOffice2013WhiteRS26;tmswizdXE102;dxFireDACServerModeRS26;bindcompdbx;GR32_D;IndyIPServer;DBXSybaseASEDriver;cxPivotGridRS26;IndySystem;dxSkinDarkRoomRS26;cxTreeListdxBarPopupMenuRS26;dsnapcon;cxTreeListRS26;dxPScxPivotGridLnkRS26;cxSchedulerRibbonStyleEventEditorRS26;dxPSCoreRS26;FireDACMSAccDriver;fmxFireDAC;FireDACInfxDriver;vclimg;dxSpreadSheetRS26;dxBarExtItemsRS26;dxPSdxGaugeControlLnkRS26;bsfd103Rio;emshosting;dxSkinLondonLiquidSkyRS26;FireDACTDataDriver;DBXOdbcDriver;dxdbtrRS26;dxSkinSevenRS26;dxRichEditControlCoreRS26;soaprtl;DbxCommonDriver;dxFlowChartAdvancedCustomizeFormRS26;dxSkinLiquidSkyRS26;CodeSiteLoggingPkg;ImageKitRio;dxDockingRS26;xmlrtl;soapmidas;DataSnapNativeClient;fmxobj;cxLibraryRS26;GR32_R;rtl;emsserverresource;DbxClientDriver;DBXSybaseASADriver;cxDataRS26;dxPScxSchedulerLnkRS26;dxSpreadSheetConditionalFormattingDialogsRS26;appanalytics;dxRibbonCustomizationFormRS26;cxSchedulerGridRS26;IndyIPClient;bindcompvcl;EhLibIBXDataDrivers260;dxSkinVisualStudio2013LightRS26;dxADOEMFRS26;VclSmp;tmsxlsdXE102;FireDACODBCDriver;dxRibbonRS26;DataSnapIndy10ServerTransport;dxPScxCommonRS26;dxRichEditDocumentModelRS26;DataSnapProviderClient;FireDACMongoDBDriver;dxPScxGridLnkRS26;dxSkinDevExpressDarkStyleRS26;dxSpreadSheetCoreRS26;DataSnapServerMidas;RESTComponents;dxSkinGlassOceansRS26;DBXInterBaseDriver;dxPScxExtCommonRS26;dxSkinPumpkinRS26;EhLibADODataDrivers260;emsclientfiredac;dxSkinXmas2008BlueRS26;DataSnapFireDAC;svnui;dclZipForged25;dxSkinOffice2007SilverRS26;cxPageControlRS26;dxSkinTheBezierRS26;dxSkinDevExpressStyleRS26;DBXMSSQLDriver;dxRichEditControlRS26;DatasnapConnectorsFreePascal;dxGaugeControlRS26;dxorgcRS26;dxPScxVGridLnkRS26;bindcompfmx;dxSkinOffice2007PinkRS26;DBXOracleDriver;inetdb;dxSkinOffice2007BlueRS26;CEF4Delphi;dxSkinStardustRS26;RaizeComponentsVcl;dxDBXServerModeRS26;dxBarDBNavRS26;dxSkinSilverRS26;dxSkinTheAsphaltWorldRS26;dxLayoutControlRS26;emsedge;RaizeComponentsVclDb;FireDACIBDriver;fmx;fmxdae;dxServerModeRS26;dxWizardControlRS26;dxSkinBlueprintRS26;skinpackd103Rio;dxSkiniMaginaryRS26;dxTabbedMDIRS26;dxEMFRS26;dbexpress;IndyCore;NxLayout6Dsgn_d10_2;dxComnRS26;NxGrid6Run_d10_2;dsnap;DataSnapCommon;emsclient;dxSkinSharpRS26;FireDACCommon;DataSnapConnectors;cxSchedulerTreeBrowserRS26;dxADOServerModeRS26;soapserver;tmsexdXE102;dxSkinOffice2007BlackRS26;cxPivotGridOLAPRS26;cxVerticalGridRS26;dxtrmdRS26;FireDACOracleDriver;DBXMySQLDriver;cxEditorsRS26;cxSchedulerRS26;cxSchedulerWebServiceStorageRS26;DBXFirebirdDriver;dxSkinMetropolisDarkRS26;dxSkinOffice2010BlackRS26;dxPSdxLCLnkRS26;NxInspector6Run_d10_2;FireDACCommonODBC;FireDACCommonDriver;dxMapControlRS26;NxInspector6Dsgn_d10_2;dxSkinBlackRS26;dxSkinOffice2013LightGrayRS26;inet;dxSpellCheckerRS26;dxSkinCoffeeRS26;IndyIPCommon;FFmpeg_DXT3;dxSpreadSheetCoreConditionalFormattingDialogsRS26;vcl;dxPSdxDBOCLnkRS26;EhLib260;dxSkinMetropolisRS26;FireDACDb2Driver;dxSpreadSheetReportDesignerRS26;NxGrid6Dsgn_d10_2;dxPScxPCProdRS26;dxNavBarRS26;dxCoreRS26;cxExportRS26;TeeDB;FireDAC;dxThemeRS26;dxHttpIndyRequestRS26;dxPSPrVwRibbonRS26;NxStandard6Dsgn_d10_2;dxSkinOffice2010SilverRS26;FireDACSqliteDriver;FireDACPgDriver;ibmonitor;FireDACASADriver;dxSkinSevenClassicRS26;cxPivotGridChartRS26;dxPSRichEditControlLnkRS26;dxPSDBTeeChartRS26;ibxpress;Tee;CodeSiteDBToolsPkg;DataSnapServer;ibxbindings;dxPSdxDBTVLnkRS26;vclwinx;FireDACDSDriver;dxOfficeCoreRS26;dxTileControlRS26;dxSkinsCoreRS26;CustomIPTransport;vcldsnap;bindcomp;dxSkinLilianRS26;dxSkinSummer2008RS26;DBXInformixDriver;dxPSdxOCLnkRS26;dxSkinVS2010RS26;acntDX10Rio_R;TMSCryptoPkgDXE12;dxSkinBlueRS26;NxStandard6Run_d10_2;dbxcds;adortl;NxDBGrid6Dsgn_d10_2;dxSkinMcSkinRS26;dxSkinDarkSideRS26;dxSpreadSheetCoreDialogsRS26;dxBarExtDBItemsRS26;dsnapxml;TMSCryptoPkgDEDXE12;dbrtl;inetdbxpress;IndyProtocols;dxSkinOffice2007GreenRS26;dxRichEditInplaceRS26;dxSkinWhiteprintRS26;dxPSdxPDFViewerLnkRS26;sfd103Rio;dxSkinCaramelRS26;fmxase;$(DCC_UsePackage)</DCC_UsePackage>
        <DCC_Namespace>Winapi;System.Win;Data.Win;Datasnap.Win;Web.Win;Soap.Win;Xml.Win;Bde;$(DCC_Namespace)</DCC_Namespace>
        <BT_BuildType>Debug</BT_BuildType>
        <VerInfo_IncludeVerInfo>true</VerInfo_IncludeVerInfo>
        <VerInfo_Keys>CompanyName=;FileDescription=$(MSBuildProjectName);FileVersion=1.0.0.0;InternalName=;LegalCopyright=;LegalTrademarks=;OriginalFilename=;ProgramID=com.embarcadero.$(MSBuildProjectName);ProductName=$(MSBuildProjectName);ProductVersion=1.0.0.0;Comments=</VerInfo_Keys>
        <VerInfo_Locale>1033</VerInfo_Locale>
        <Manifest_File>$(BDS)\bin\default_app.manifest</Manifest_File>
    </PropertyGroup>
    <PropertyGroup Condition="'$(Cfg_1)'!=''">
        <DCC_Define>DEBUG;$(DCC_Define)</DCC_Define>
        <DCC_DebugDCUs>true</DCC_DebugDCUs>
        <DCC_Optimize>false</DCC_Optimize>
        <DCC_GenerateStackFrames>true</DCC_GenerateStackFrames>
        <DCC_DebugInfoInExe>true</DCC_DebugInfoInExe>
        <DCC_RemoteDebug>true</DCC_RemoteDebug>
    </PropertyGroup>
    <PropertyGroup Condition="'$(Cfg_1_Win32)'!=''">
        <DCC_RemoteDebug>false</DCC_RemoteDebug>
        <AppEnableRuntimeThemes>true</AppEnableRuntimeThemes>
        <AppDPIAwarenessMode>PerMonitorV2</AppDPIAwarenessMode>
        <VerInfo_IncludeVerInfo>true</VerInfo_IncludeVerInfo>
        <VerInfo_Locale>1033</VerInfo_Locale>
        <Icon_MainIcon>LemonMusic_Icon1.ico</Icon_MainIcon>
        <DCC_MapFile>3</DCC_MapFile>
    </PropertyGroup>
    <PropertyGroup Condition="'$(Cfg_2)'!=''">
        <DCC_LocalDebugSymbols>false</DCC_LocalDebugSymbols>
        <DCC_Define>RELEASE;$(DCC_Define)</DCC_Define>
        <DCC_SymbolReferenceInfo>0</DCC_SymbolReferenceInfo>
        <DCC_DebugInformation>0</DCC_DebugInformation>
    </PropertyGroup>
    <PropertyGroup Condition="'$(Cfg_2_Win32)'!=''">
        <AppEnableRuntimeThemes>true</AppEnableRuntimeThemes>
        <AppDPIAwarenessMode>PerMonitorV2</AppDPIAwarenessMode>
        <VerInfo_IncludeVerInfo>true</VerInfo_IncludeVerInfo>
        <VerInfo_Locale>1033</VerInfo_Locale>
        <Icon_MainIcon>LemonMusic_Icon1.ico</Icon_MainIcon>
    </PropertyGroup>
    <ItemGroup>
        <DelphiCompile Include="$(MainSource)">
            <MainSource>MainSource</MainSource>
        </DelphiCompile>
        <DCCReference Include="Main.pas">
            <Form>Fm_Main</Form>
            <FormType>dfm</FormType>
        </DCCReference>
        <DCCReference Include="Mini.pas">
            <Form>Fm_MiniBox</Form>
            <FormType>dfm</FormType>
        </DCCReference>
        <DCCReference Include="Music_163_Spider.pas"/>
        <DCCReference Include="Music_KuGou_Spider.pas"/>
        <DCCReference Include="Music_KuWo_Spider.pas"/>
        <DCCReference Include="List.pas">
            <Form>Fm_List</Form>
            <FormType>dfm</FormType>
        </DCCReference>
        <DCCReference Include="DownLoad.pas"/>
        <DCCReference Include="InfoFromID.pas"/>
        <DCCReference Include="INIX.pas"/>
        <DCCReference Include="Data.pas"/>
        <DCCReference Include="SetAndAbout.pas">
            <Form>Fm_ALS</Form>
            <FormType>dfm</FormType>
        </DCCReference>
        <DCCReference Include="Msg.pas">
            <Form>Fm_Msg</Form>
            <FormType>dfm</FormType>
        </DCCReference>
        <DCCReference Include="Loading.pas">
            <Form>Fm_Loading</Form>
            <FormType>dfm</FormType>
        </DCCReference>
        <DCCReference Include="Start.pas">
            <Form>Fm_Start</Form>
            <FormType>dfm</FormType>
        </DCCReference>
        <DCCReference Include="Music_QQ_Spider.pas"/>
        <DCCReference Include="VMsgMonitor.pas"/>
        <DCCReference Include="MSGs.pas"/>
        <DCCReference Include="Top_Recom.pas">
            <Form>Fr_Top_Recom</Form>
            <FormType>dfm</FormType>
            <DesignClass>TFrame</DesignClass>
        </DCCReference>
        <DCCReference Include="Top_Search.pas">
            <Form>Fr_Top_Search</Form>
            <FormType>dfm</FormType>
            <DesignClass>TFrame</DesignClass>
        </DCCReference>
        <DCCReference Include="Play_MV.pas">
            <Form>Fm_MV</Form>
            <FormType>dfm</FormType>
        </DCCReference>
        <DCCReference Include="FullScreen.pas">
            <Form>Fm_FullScreen</Form>
            <FormType>dfm</FormType>
        </DCCReference>
        <DCCReference Include="Setting.pas">
            <Form>Fm_Setting</Form>
            <FormType>dfm</FormType>
        </DCCReference>
        <None Include="ModelSupport_LemonMusic\default.txvpck"/>
        <None Include="ModelSupport_LemonMusic\default.txaPackage"/>
        <BuildConfiguration Include="Release">
            <Key>Cfg_2</Key>
            <CfgParent>Base</CfgParent>
        </BuildConfiguration>
        <BuildConfiguration Include="Base">
            <Key>Base</Key>
        </BuildConfiguration>
        <BuildConfiguration Include="Debug">
            <Key>Cfg_1</Key>
            <CfgParent>Base</CfgParent>
        </BuildConfiguration>
    </ItemGroup>
    <ProjectExtensions>
        <Borland.Personality>Delphi.Personality.12</Borland.Personality>
        <Borland.ProjectType>Application</Borland.ProjectType>
        <BorlandProject>
            <Delphi.Personality>
                <Source>
                    <Source Name="MainSource">LemonMusic.dpr</Source>
                </Source>
                <Excluded_Packages>
                    <Excluded_Packages Name="$(BDSBIN)\dcloffice2k260.bpl">Microsoft Office 2000 Sample Automation Server Wrapper Components</Excluded_Packages>
                    <Excluded_Packages Name="$(BDSBIN)\dclofficexp260.bpl">Microsoft Office XP Sample Automation Server Wrapper Components</Excluded_Packages>
                </Excluded_Packages>
            </Delphi.Personality>
            <Deployment Version="3">
                <DeployFile LocalName="$(BDS)\bin\Artwork\Windows\UWP\delphi_UwpDefault_150.png" Configuration="Debug" Class="UWP_DelphiLogo150">
                    <Platform Name="Win32">
                        <RemoteDir>Assets\</RemoteDir>
                        <RemoteName>Logo150x150.png</RemoteName>
                        <Overwrite>true</Overwrite>
                    </Platform>
                </DeployFile>
                <DeployFile LocalName="Win32\Debug\LemonMusic.exe" Configuration="Debug" Class="ProjectOutput">
                    <Platform Name="Win32">
                        <RemoteName>LemonMusic.exe</RemoteName>
                        <Overwrite>true</Overwrite>
                    </Platform>
                </DeployFile>
                <DeployFile LocalName="ModelSupport_LemonMusic\default.txvpck" Configuration="Debug" Class="ProjectFile">
                    <Platform Name="Win32">
                        <RemoteDir>.\</RemoteDir>
                        <Overwrite>true</Overwrite>
                    </Platform>
                </DeployFile>
                <DeployFile LocalName="ModelSupport_LemonMusic\default.txaPackage" Configuration="Debug" Class="ProjectFile">
                    <Platform Name="Win32">
                        <RemoteDir>.\</RemoteDir>
                        <Overwrite>true</Overwrite>
                    </Platform>
                </DeployFile>
                <DeployFile LocalName="$(BDS)\bin\Artwork\Windows\UWP\delphi_UwpDefault_44.png" Configuration="Debug" Class="UWP_DelphiLogo44">
                    <Platform Name="Win32">
                        <RemoteDir>Assets\</RemoteDir>
                        <RemoteName>Logo44x44.png</RemoteName>
                        <Overwrite>true</Overwrite>
                    </Platform>
                </DeployFile>
                <DeployClass Name="AdditionalDebugSymbols">
                    <Platform Name="iOSSimulator">
                        <Operation>1</Operation>
                    </Platform>
                    <Platform Name="OSX32">
                        <RemoteDir>Contents\MacOS</RemoteDir>
                        <Operation>1</Operation>
                    </Platform>
                    <Platform Name="Win32">
                        <Operation>0</Operation>
                    </Platform>
                </DeployClass>
                <DeployClass Name="AndroidClassesDexFile">
                    <Platform Name="Android">
                        <RemoteDir>classes</RemoteDir>
                        <Operation>1</Operation>
                    </Platform>
                </DeployClass>
                <DeployClass Name="AndroidFileProvider">
                    <Platform Name="Android">
                        <RemoteDir>res\xml</RemoteDir>
                        <Operation>1</Operation>
                    </Platform>
                </DeployClass>
                <DeployClass Name="AndroidGDBServer">
                    <Platform Name="Android">
                        <RemoteDir>library\lib\armeabi-v7a</RemoteDir>
                        <Operation>1</Operation>
                    </Platform>
                </DeployClass>
                <DeployClass Name="AndroidLibnativeArmeabiFile">
                    <Platform Name="Android">
                        <RemoteDir>library\lib\armeabi</RemoteDir>
                        <Operation>1</Operation>
                    </Platform>
                </DeployClass>
                <DeployClass Name="AndroidLibnativeMipsFile">
                    <Platform Name="Android">
                        <RemoteDir>library\lib\mips</RemoteDir>
                        <Operation>1</Operation>
                    </Platform>
                </DeployClass>
                <DeployClass Name="AndroidServiceOutput">
                    <Platform Name="Android">
                        <RemoteDir>library\lib\armeabi-v7a</RemoteDir>
                        <Operation>1</Operation>
                    </Platform>
                </DeployClass>
                <DeployClass Name="AndroidSplashImageDef">
                    <Platform Name="Android">
                        <RemoteDir>res\drawable</RemoteDir>
                        <Operation>1</Operation>
                    </Platform>
                </DeployClass>
                <DeployClass Name="AndroidSplashStyles">
                    <Platform Name="Android">
                        <RemoteDir>res\values</RemoteDir>
                        <Operation>1</Operation>
                    </Platform>
                </DeployClass>
                <DeployClass Name="AndroidSplashStylesV21">
                    <Platform Name="Android">
                        <RemoteDir>res\values-v21</RemoteDir>
                        <Operation>1</Operation>
                    </Platform>
                </DeployClass>
                <DeployClass Name="Android_DefaultAppIcon">
                    <Platform Name="Android">
                        <RemoteDir>res\drawable</RemoteDir>
                        <Operation>1</Operation>
                    </Platform>
                </DeployClass>
                <DeployClass Name="Android_LauncherIcon144">
                    <Platform Name="Android">
                        <RemoteDir>res\drawable-xxhdpi</RemoteDir>
                        <Operation>1</Operation>
                    </Platform>
                </DeployClass>
                <DeployClass Name="Android_LauncherIcon36">
                    <Platform Name="Android">
                        <RemoteDir>res\drawable-ldpi</RemoteDir>
                        <Operation>1</Operation>
                    </Platform>
                </DeployClass>
                <DeployClass Name="Android_LauncherIcon48">
                    <Platform Name="Android">
                        <RemoteDir>res\drawable-mdpi</RemoteDir>
                        <Operation>1</Operation>
                    </Platform>
                </DeployClass>
                <DeployClass Name="Android_LauncherIcon72">
                    <Platform Name="Android">
                        <RemoteDir>res\drawable-hdpi</RemoteDir>
                        <Operation>1</Operation>
                    </Platform>
                </DeployClass>
                <DeployClass Name="Android_LauncherIcon96">
                    <Platform Name="Android">
                        <RemoteDir>res\drawable-xhdpi</RemoteDir>
                        <Operation>1</Operation>
                    </Platform>
                </DeployClass>
                <DeployClass Name="Android_SplashImage426">
                    <Platform Name="Android">
                        <RemoteDir>res\drawable-small</RemoteDir>
                        <Operation>1</Operation>
                    </Platform>
                </DeployClass>
                <DeployClass Name="Android_SplashImage470">
                    <Platform Name="Android">
                        <RemoteDir>res\drawable-normal</RemoteDir>
                        <Operation>1</Operation>
                    </Platform>
                </DeployClass>
                <DeployClass Name="Android_SplashImage640">
                    <Platform Name="Android">
                        <RemoteDir>res\drawable-large</RemoteDir>
                        <Operation>1</Operation>
                    </Platform>
                </DeployClass>
                <DeployClass Name="Android_SplashImage960">
                    <Platform Name="Android">
                        <RemoteDir>res\drawable-xlarge</RemoteDir>
                        <Operation>1</Operation>
                    </Platform>
                </DeployClass>
                <DeployClass Name="DebugSymbols">
                    <Platform Name="iOSSimulator">
                        <Operation>1</Operation>
                    </Platform>
                    <Platform Name="OSX32">
                        <RemoteDir>Contents\MacOS</RemoteDir>
                        <Operation>1</Operation>
                    </Platform>
                    <Platform Name="Win32">
                        <Operation>0</Operation>
                    </Platform>
                </DeployClass>
                <DeployClass Name="DependencyFramework">
                    <Platform Name="OSX32">
                        <RemoteDir>Contents\MacOS</RemoteDir>
                        <Operation>1</Operation>
                        <Extensions>.framework</Extensions>
                    </Platform>
                    <Platform Name="OSX64">
                        <RemoteDir>Contents\MacOS</RemoteDir>
                        <Operation>1</Operation>
                        <Extensions>.framework</Extensions>
                    </Platform>
                    <Platform Name="Win32">
                        <Operation>0</Operation>
                    </Platform>
                </DeployClass>
                <DeployClass Name="DependencyModule">
                    <Platform Name="iOSDevice32">
                        <Operation>1</Operation>
                        <Extensions>.dylib</Extensions>
                    </Platform>
                    <Platform Name="iOSDevice64">
                        <Operation>1</Operation>
                        <Extensions>.dylib</Extensions>
                    </Platform>
                    <Platform Name="iOSSimulator">
                        <Operation>1</Operation>
                        <Extensions>.dylib</Extensions>
                    </Platform>
                    <Platform Name="OSX32">
                        <RemoteDir>Contents\MacOS</RemoteDir>
                        <Operation>1</Operation>
                        <Extensions>.dylib</Extensions>
                    </Platform>
                    <Platform Name="OSX64">
                        <RemoteDir>Contents\MacOS</RemoteDir>
                        <Operation>1</Operation>
                        <Extensions>.dylib</Extensions>
                    </Platform>
                    <Platform Name="Win32">
                        <Operation>0</Operation>
                        <Extensions>.dll;.bpl</Extensions>
                    </Platform>
                </DeployClass>
                <DeployClass Required="true" Name="DependencyPackage">
                    <Platform Name="iOSDevice32">
                        <Operation>1</Operation>
                        <Extensions>.dylib</Extensions>
                    </Platform>
                    <Platform Name="iOSDevice64">
                        <Operation>1</Operation>
                        <Extensions>.dylib</Extensions>
                    </Platform>
                    <Platform Name="iOSSimulator">
                        <Operation>1</Operation>
                        <Extensions>.dylib</Extensions>
                    </Platform>
                    <Platform Name="OSX32">
                        <RemoteDir>Contents\MacOS</RemoteDir>
                        <Operation>1</Operation>
                        <Extensions>.dylib</Extensions>
                    </Platform>
                    <Platform Name="OSX64">
                        <RemoteDir>Contents\MacOS</RemoteDir>
                        <Operation>1</Operation>
                        <Extensions>.dylib</Extensions>
                    </Platform>
                    <Platform Name="Win32">
                        <Operation>0</Operation>
                        <Extensions>.bpl</Extensions>
                    </Platform>
                </DeployClass>
                <DeployClass Name="File">
                    <Platform Name="Android">
                        <Operation>0</Operation>
                    </Platform>
                    <Platform Name="iOSDevice32">
                        <Operation>0</Operation>
                    </Platform>
                    <Platform Name="iOSDevice64">
                        <Operation>0</Operation>
                    </Platform>
                    <Platform Name="iOSSimulator">
                        <Operation>0</Operation>
                    </Platform>
                    <Platform Name="OSX32">
                        <RemoteDir>Contents\Resources\StartUp\</RemoteDir>
                        <Operation>0</Operation>
                    </Platform>
                    <Platform Name="OSX64">
                        <RemoteDir>Contents\Resources\StartUp\</RemoteDir>
                        <Operation>0</Operation>
                    </Platform>
                    <Platform Name="Win32">
                        <Operation>0</Operation>
                    </Platform>
                </DeployClass>
                <DeployClass Name="iPad_Launch1024">
                    <Platform Name="iOSDevice32">
                        <Operation>1</Operation>
                    </Platform>
                    <Platform Name="iOSDevice64">
                        <Operation>1</Operation>
                    </Platform>
                    <Platform Name="iOSSimulator">
                        <Operation>1</Operation>
                    </Platform>
                </DeployClass>
                <DeployClass Name="iPad_Launch1536">
                    <Platform Name="iOSDevice32">
                        <Operation>1</Operation>
                    </Platform>
                    <Platform Name="iOSDevice64">
                        <Operation>1</Operation>
                    </Platform>
                    <Platform Name="iOSSimulator">
                        <Operation>1</Operation>
                    </Platform>
                </DeployClass>
                <DeployClass Name="iPad_Launch2048">
                    <Platform Name="iOSDevice32">
                        <Operation>1</Operation>
                    </Platform>
                    <Platform Name="iOSDevice64">
                        <Operation>1</Operation>
                    </Platform>
                    <Platform Name="iOSSimulator">
                        <Operation>1</Operation>
                    </Platform>
                </DeployClass>
                <DeployClass Name="iPad_Launch768">
                    <Platform Name="iOSDevice32">
                        <Operation>1</Operation>
                    </Platform>
                    <Platform Name="iOSDevice64">
                        <Operation>1</Operation>
                    </Platform>
                    <Platform Name="iOSSimulator">
                        <Operation>1</Operation>
                    </Platform>
                </DeployClass>
                <DeployClass Name="iPhone_Launch320">
                    <Platform Name="iOSDevice32">
                        <Operation>1</Operation>
                    </Platform>
                    <Platform Name="iOSDevice64">
                        <Operation>1</Operation>
                    </Platform>
                    <Platform Name="iOSSimulator">
                        <Operation>1</Operation>
                    </Platform>
                </DeployClass>
                <DeployClass Name="iPhone_Launch640">
                    <Platform Name="iOSDevice32">
                        <Operation>1</Operation>
                    </Platform>
                    <Platform Name="iOSDevice64">
                        <Operation>1</Operation>
                    </Platform>
                    <Platform Name="iOSSimulator">
                        <Operation>1</Operation>
                    </Platform>
                </DeployClass>
                <DeployClass Name="iPhone_Launch640x1136">
                    <Platform Name="iOSDevice32">
                        <Operation>1</Operation>
                    </Platform>
                    <Platform Name="iOSDevice64">
                        <Operation>1</Operation>
                    </Platform>
                    <Platform Name="iOSSimulator">
                        <Operation>1</Operation>
                    </Platform>
                </DeployClass>
                <DeployClass Name="ProjectAndroidManifest">
                    <Platform Name="Android">
                        <Operation>1</Operation>
                    </Platform>
                </DeployClass>
                <DeployClass Name="ProjectiOSDeviceDebug">
                    <Platform Name="iOSDevice32">
                        <RemoteDir>..\$(PROJECTNAME).app.dSYM\Contents\Resources\DWARF</RemoteDir>
                        <Operation>1</Operation>
                    </Platform>
                    <Platform Name="iOSDevice64">
                        <RemoteDir>..\$(PROJECTNAME).app.dSYM\Contents\Resources\DWARF</RemoteDir>
                        <Operation>1</Operation>
                    </Platform>
                </DeployClass>
                <DeployClass Name="ProjectiOSDeviceResourceRules">
                    <Platform Name="iOSDevice32">
                        <Operation>1</Operation>
                    </Platform>
                    <Platform Name="iOSDevice64">
                        <Operation>1</Operation>
                    </Platform>
                </DeployClass>
                <DeployClass Name="ProjectiOSEntitlements">
                    <Platform Name="iOSDevice32">
                        <RemoteDir>..\</RemoteDir>
                        <Operation>1</Operation>
                    </Platform>
                    <Platform Name="iOSDevice64">
                        <RemoteDir>..\</RemoteDir>
                        <Operation>1</Operation>
                    </Platform>
                </DeployClass>
                <DeployClass Name="ProjectiOSInfoPList">
                    <Platform Name="iOSDevice32">
                        <Operation>1</Operation>
                    </Platform>
                    <Platform Name="iOSDevice64">
                        <Operation>1</Operation>
                    </Platform>
                    <Platform Name="iOSSimulator">
                        <Operation>1</Operation>
                    </Platform>
                </DeployClass>
                <DeployClass Name="ProjectiOSResource">
                    <Platform Name="iOSDevice32">
                        <Operation>1</Operation>
                    </Platform>
                    <Platform Name="iOSDevice64">
                        <Operation>1</Operation>
                    </Platform>
                    <Platform Name="iOSSimulator">
                        <Operation>1</Operation>
                    </Platform>
                </DeployClass>
                <DeployClass Name="ProjectOSXDebug">
                    <Platform Name="OSX64">
                        <RemoteDir>..\$(PROJECTNAME).app.dSYM\Contents\Resources\DWARF</RemoteDir>
                        <Operation>1</Operation>
                    </Platform>
                </DeployClass>
                <DeployClass Name="ProjectOSXEntitlements">
                    <Platform Name="OSX32">
                        <RemoteDir>..\</RemoteDir>
                        <Operation>1</Operation>
                    </Platform>
                    <Platform Name="OSX64">
                        <RemoteDir>..\</RemoteDir>
                        <Operation>1</Operation>
                    </Platform>
                </DeployClass>
                <DeployClass Name="ProjectOSXInfoPList">
                    <Platform Name="OSX32">
                        <RemoteDir>Contents</RemoteDir>
                        <Operation>1</Operation>
                    </Platform>
                    <Platform Name="OSX64">
                        <RemoteDir>Contents</RemoteDir>
                        <Operation>1</Operation>
                    </Platform>
                </DeployClass>
                <DeployClass Name="ProjectOSXResource">
                    <Platform Name="OSX32">
                        <RemoteDir>Contents\Resources</RemoteDir>
                        <Operation>1</Operation>
                    </Platform>
                    <Platform Name="OSX64">
                        <RemoteDir>Contents\Resources</RemoteDir>
                        <Operation>1</Operation>
                    </Platform>
                </DeployClass>
                <DeployClass Required="true" Name="ProjectOutput">
                    <Platform Name="Android">
                        <RemoteDir>library\lib\armeabi-v7a</RemoteDir>
                        <Operation>1</Operation>
                    </Platform>
                    <Platform Name="iOSDevice32">
                        <Operation>1</Operation>
                    </Platform>
                    <Platform Name="iOSDevice64">
                        <Operation>1</Operation>
                    </Platform>
                    <Platform Name="iOSSimulator">
                        <Operation>1</Operation>
                    </Platform>
                    <Platform Name="Linux64">
                        <Operation>1</Operation>
                    </Platform>
                    <Platform Name="OSX32">
                        <RemoteDir>Contents\MacOS</RemoteDir>
                        <Operation>1</Operation>
                    </Platform>
                    <Platform Name="OSX64">
                        <RemoteDir>Contents\MacOS</RemoteDir>
                        <Operation>1</Operation>
                    </Platform>
                    <Platform Name="Win32">
                        <Operation>0</Operation>
                    </Platform>
                </DeployClass>
                <DeployClass Name="ProjectUWPManifest">
                    <Platform Name="Win32">
                        <Operation>1</Operation>
                    </Platform>
                    <Platform Name="Win64">
                        <Operation>1</Operation>
                    </Platform>
                </DeployClass>
                <DeployClass Name="UWP_DelphiLogo150">
                    <Platform Name="Win32">
                        <RemoteDir>Assets</RemoteDir>
                        <Operation>1</Operation>
                    </Platform>
                    <Platform Name="Win64">
                        <RemoteDir>Assets</RemoteDir>
                        <Operation>1</Operation>
                    </Platform>
                </DeployClass>
                <DeployClass Name="UWP_DelphiLogo44">
                    <Platform Name="Win32">
                        <RemoteDir>Assets</RemoteDir>
                        <Operation>1</Operation>
                    </Platform>
                    <Platform Name="Win64">
                        <RemoteDir>Assets</RemoteDir>
                        <Operation>1</Operation>
                    </Platform>
                </DeployClass>
                <ProjectRoot Platform="iOSDevice64" Name="$(PROJECTNAME).app"/>
                <ProjectRoot Platform="Win64" Name="$(PROJECTNAME)"/>
                <ProjectRoot Platform="iOSDevice32" Name="$(PROJECTNAME).app"/>
                <ProjectRoot Platform="Linux64" Name="$(PROJECTNAME)"/>
                <ProjectRoot Platform="Win32" Name="$(PROJECTNAME)"/>
                <ProjectRoot Platform="OSX32" Name="$(PROJECTNAME).app"/>
                <ProjectRoot Platform="Android" Name="$(PROJECTNAME)"/>
                <ProjectRoot Platform="OSX64" Name="$(PROJECTNAME).app"/>
                <ProjectRoot Platform="iOSSimulator" Name="$(PROJECTNAME).app"/>
            </Deployment>
            <Platforms>
                <Platform value="Win32">True</Platform>
            </Platforms>
            <ModelSupport>True</ModelSupport>
        </BorlandProject>
        <ProjectFileVersion>12</ProjectFileVersion>
    </ProjectExtensions>
    <Import Project="$(BDS)\Bin\CodeGear.Delphi.Targets" Condition="Exists('$(BDS)\Bin\CodeGear.Delphi.Targets')"/>
    <Import Project="$(APPDATA)\Embarcadero\$(BDSAPPDATABASEDIR)\$(PRODUCTVERSION)\UserTools.proj" Condition="Exists('$(APPDATA)\Embarcadero\$(BDSAPPDATABASEDIR)\$(PRODUCTVERSION)\UserTools.proj')"/>
    <Import Project="$(MSBuildProjectName).deployproj" Condition="Exists('$(MSBuildProjectName).deployproj')"/>
</Project>
